
Microsoft Visual Studio Solution File, Format Version 12.00
# Visual Studio Version 17
VisualStudioVersion = 17.4.33213.308
MinimumVisualStudioVersion = 10.0.40219.1
Project("{FAE04EC0-301F-11D3-BF4B-00C04F79EFBC}") = "smtcb", "smtcb\smtcb.csproj", "{068C6657-98F0-440F-8848-854F54A54971}"
EndProject
Global
	GlobalSection(SolutionConfigurationPlatforms) = preSolution
		Debug|Any CPU = Debug|Any CPU
		Release|Any CPU = Release|Any CPU
	EndGlobalSection
	GlobalSection(ProjectConfigurationPlatforms) = postSolution
		{068C6657-98F0-440F-8848-854F54A54971}.Debug|Any CPU.ActiveCfg = Debug|Any CPU
		{068C6657-98F0-440F-8848-854F54A54971}.Debug|Any CPU.Build.0 = Debug|Any CPU
		{068C6657-98F0-440F-8848-854F54A54971}.Release|Any CPU.ActiveCfg = Release|Any CPU
		{068C6657-98F0-440F-8848-854F54A54971}.Release|Any CPU.Build.0 = Release|Any CPU
	EndGlobalSection
	GlobalSection(SolutionProperties) = preSolution
		HideSolutionNode = FALSE
	EndGlobalSection
	GlobalSection(ExtensibilityGlobals) = postSolution
		SolutionGuid = {3E307ECF-92B4-454B-8019-9AA6F20219C5}
	EndGlobalSection
EndGlobal
